
Microsoft Visual Studio Solution File, Format Version 12.00
# Visual Studio Version 17
VisualStudioVersion = 17.3.32819.101
MinimumVisualStudioVersion = 10.0.40219.1
Project("{FAE04EC0-301F-11D3-BF4B-00C04F79EFBC}") = "QLNS", "FormQLNS\QLNS.csproj", "{B4D9E049-FF77-46C1-87C7-0C479EE20D11}"
EndProject
Global
	GlobalSection(SolutionConfigurationPlatforms) = preSolution
		Debug|Any CPU = Debug|Any CPU
		Release|Any CPU = Release|Any CPU
	EndGlobalSection
	GlobalSection(ProjectConfigurationPlatforms) = postSolution
		{B4D9E049-FF77-46C1-87C7-0C479EE20D11}.Debug|Any CPU.ActiveCfg = Debug|Any CPU
		{B4D9E049-FF77-46C1-87C7-0C479EE20D11}.Debug|Any CPU.Build.0 = Debug|Any CPU
		{B4D9E049-FF77-46C1-87C7-0C479EE20D11}.Release|Any CPU.ActiveCfg = Release|Any CPU
		{B4D9E049-FF77-46C1-87C7-0C479EE20D11}.Release|Any CPU.Build.0 = Release|Any CPU
	EndGlobalSection
	GlobalSection(SolutionProperties) = preSolution
		HideSolutionNode = FALSE
	EndGlobalSection
	GlobalSection(ExtensibilityGlobals) = postSolution
		SolutionGuid = {CC17098D-745B-415F-890A-320D6A608B7F}
	EndGlobalSection
EndGlobal
